// !$*UTF8*$!
{
	archiveVersion = 1;
	classes = {
	};
	objectVersion = 55;
	objects = {

/* Begin PBXBuildFile section */
		2646A9372C3D297B0014E1AC /* InfoPlist.strings in Resources */ = {isa = PBXBuildFile; fileRef = 2646A9352C3D297B0014E1AC /* InfoPlist.strings */; };
		268CE5A2275A68B400DFCFF8 /* AppDelegate.swift in Sources */ = {isa = PBXBuildFile; fileRef = 268CE5A1275A68B400DFCFF8 /* AppDelegate.swift */; };
		268CE5A4275A68B400DFCFF8 /* SceneDelegate.swift in Sources */ = {isa = PBXBuildFile; fileRef = 268CE5A3275A68B400DFCFF8 /* SceneDelegate.swift */; };
		268CE5A6275A68B400DFCFF8 /* ViewController.swift in Sources */ = {isa = PBXBuildFile; fileRef = 268CE5A5275A68B400DFCFF8 /* ViewController.swift */; };
		268CE5A9275A68B400DFCFF8 /* Main.storyboard in Resources */ = {isa = PBXBuildFile; fileRef = 268CE5A7275A68B400DFCFF8 /* Main.storyboard */; };
		268CE5AB275A68B700DFCFF8 /* Assets.xcassets in Resources */ = {isa = PBXBuildFile; fileRef = 268CE5AA275A68B700DFCFF8 /* Assets.xcassets */; };
		268CE5AE275A68B700DFCFF8 /* LaunchScreen.storyboard in Resources */ = {isa = PBXBuildFile; fileRef = 268CE5AC275A68B700DFCFF8 /* LaunchScreen.storyboard */; };
		268CE5B6275A68F300DFCFF8 /* app in Resources */ = {isa = PBXBuildFile; fileRef = 268CE5B5275A68F300DFCFF8 /* app */; };
		26D64CCE28430F4000295E70 /* iosk.xcframework in Frameworks */ = {isa = PBXBuildFile; fileRef = 26D64CCD28430F4000295E70 /* iosk.xcframework */; };
/* End PBXBuildFile section */

/* Begin PBXFileReference section */
		2646A9362C3D297B0014E1AC /* en */ = {isa = PBXFileReference; lastKnownFileType = text.plist.strings; name = en; path = en.lproj/InfoPlist.strings; sourceTree = "<group>"; };
		2646A9382C3D29D00014E1AC /* zh-Hans */ = {isa = PBXFileReference; lastKnownFileType = text.plist.strings; name = "zh-Hans"; path = "zh-Hans.lproj/Main.strings"; sourceTree = "<group>"; };
		2646A9392C3D29D00014E1AC /* zh-Hans */ = {isa = PBXFileReference; lastKnownFileType = text.plist.strings; name = "zh-Hans"; path = "zh-Hans.lproj/LaunchScreen.strings"; sourceTree = "<group>"; };
		2646A93A2C3D29D00014E1AC /* zh-Hans */ = {isa = PBXFileReference; lastKnownFileType = text.plist.strings; name = "zh-Hans"; path = "zh-Hans.lproj/InfoPlist.strings"; sourceTree = "<group>"; };
		268CE59E275A68B400DFCFF8 /* siyuan-ios.app */ = {isa = PBXFileReference; explicitFileType = wrapper.application; includeInIndex = 0; path = "siyuan-ios.app"; sourceTree = BUILT_PRODUCTS_DIR; };
		268CE5A1275A68B400DFCFF8 /* AppDelegate.swift */ = {isa = PBXFileReference; lastKnownFileType = sourcecode.swift; path = AppDelegate.swift; sourceTree = "<group>"; };
		268CE5A3275A68B400DFCFF8 /* SceneDelegate.swift */ = {isa = PBXFileReference; lastKnownFileType = sourcecode.swift; path = SceneDelegate.swift; sourceTree = "<group>"; };
		268CE5A5275A68B400DFCFF8 /* ViewController.swift */ = {isa = PBXFileReference; lastKnownFileType = sourcecode.swift; path = ViewController.swift; sourceTree = "<group>"; wrapsLines = 0; };
		268CE5A8275A68B400DFCFF8 /* Base */ = {isa = PBXFileReference; lastKnownFileType = file.storyboard; name = Base; path = Base.lproj/Main.storyboard; sourceTree = "<group>"; };
		268CE5AA275A68B700DFCFF8 /* Assets.xcassets */ = {isa = PBXFileReference; lastKnownFileType = folder.assetcatalog; path = Assets.xcassets; sourceTree = "<group>"; };
		268CE5AD275A68B700DFCFF8 /* Base */ = {isa = PBXFileReference; lastKnownFileType = file.storyboard; name = Base; path = Base.lproj/LaunchScreen.storyboard; sourceTree = "<group>"; };
		268CE5AF275A68B700DFCFF8 /* Info.plist */ = {isa = PBXFileReference; lastKnownFileType = text.plist.xml; path = Info.plist; sourceTree = "<group>"; };
		268CE5B5275A68F300DFCFF8 /* app */ = {isa = PBXFileReference; lastKnownFileType = folder; path = app; sourceTree = "<group>"; };
		26D64CCD28430F4000295E70 /* iosk.xcframework */ = {isa = PBXFileReference; lastKnownFileType = wrapper.xcframework; name = iosk.xcframework; path = ../siyuan/kernel/ios/iosk.xcframework; sourceTree = "<group>"; };
/* End PBXFileReference section */

/* Begin PBXFrameworksBuildPhase section */
		268CE59B275A68B400DFCFF8 /* Frameworks */ = {
			isa = PBXFrameworksBuildPhase;
			buildActionMask = 2147483647;
			files = (
				26D64CCE28430F4000295E70 /* iosk.xcframework in Frameworks */,
			);
			runOnlyForDeploymentPostprocessing = 0;
		};
/* End PBXFrameworksBuildPhase section */

/* Begin PBXGroup section */
		268CE595275A68B400DFCFF8 = {
			isa = PBXGroup;
			children = (
				268CE5B5275A68F300DFCFF8 /* app */,
				268CE5A0275A68B400DFCFF8 /* siyuan-ios */,
				268CE59F275A68B400DFCFF8 /* Products */,
				268CE5B7275A69E800DFCFF8 /* Frameworks */,
			);
			sourceTree = "<group>";
		};
		268CE59F275A68B400DFCFF8 /* Products */ = {
			isa = PBXGroup;
			children = (
				268CE59E275A68B400DFCFF8 /* siyuan-ios.app */,
			);
			name = Products;
			sourceTree = "<group>";
		};
		268CE5A0275A68B400DFCFF8 /* siyuan-ios */ = {
			isa = PBXGroup;
			children = (
				268CE5A1275A68B400DFCFF8 /* AppDelegate.swift */,
				268CE5A3275A68B400DFCFF8 /* SceneDelegate.swift */,
				268CE5A5275A68B400DFCFF8 /* ViewController.swift */,
				268CE5A7275A68B400DFCFF8 /* Main.storyboard */,
				268CE5AA275A68B700DFCFF8 /* Assets.xcassets */,
				268CE5AC275A68B700DFCFF8 /* LaunchScreen.storyboard */,
				268CE5AF275A68B700DFCFF8 /* Info.plist */,
				2646A9352C3D297B0014E1AC /* InfoPlist.strings */,
			);
			path = "siyuan-ios";
			sourceTree = "<group>";
		};
		268CE5B7275A69E800DFCFF8 /* Frameworks */ = {
			isa = PBXGroup;
			children = (
				26D64CCD28430F4000295E70 /* iosk.xcframework */,
			);
			name = Frameworks;
			sourceTree = "<group>";
		};
/* End PBXGroup section */

/* Begin PBXNativeTarget section */
		268CE59D275A68B400DFCFF8 /* siyuan-ios */ = {
			isa = PBXNativeTarget;
			buildConfigurationList = 268CE5B2275A68B700DFCFF8 /* Build configuration list for PBXNativeTarget "siyuan-ios" */;
			buildPhases = (
				268CE59A275A68B400DFCFF8 /* Sources */,
				268CE59B275A68B400DFCFF8 /* Frameworks */,
				268CE59C275A68B400DFCFF8 /* Resources */,
			);
			buildRules = (
			);
			dependencies = (
			);
			name = "siyuan-ios";
			productName = "siyuan-ios";
			productReference = 268CE59E275A68B400DFCFF8 /* siyuan-ios.app */;
			productType = "com.apple.product-type.application";
		};
/* End PBXNativeTarget section */

/* Begin PBXProject section */
		268CE596275A68B400DFCFF8 /* Project object */ = {
			isa = PBXProject;
			attributes = {
				BuildIndependentTargetsInParallel = YES;
				LastSwiftUpdateCheck = 1310;
				LastUpgradeCheck = 1530;
				TargetAttributes = {
					268CE59D275A68B400DFCFF8 = {
						CreatedOnToolsVersion = 13.1;
					};
				};
			};
			buildConfigurationList = 268CE599275A68B400DFCFF8 /* Build configuration list for PBXProject "siyuan-ios" */;
			compatibilityVersion = "Xcode 13.0";
			developmentRegion = en;
			hasScannedForEncodings = 0;
			knownRegions = (
				en,
				Base,
				"zh-Hans",
			);
			mainGroup = 268CE595275A68B400DFCFF8;
			productRefGroup = 268CE59F275A68B400DFCFF8 /* Products */;
			projectDirPath = "";
			projectRoot = "";
			targets = (
				268CE59D275A68B400DFCFF8 /* siyuan-ios */,
			);
		};
/* End PBXProject section */

/* Begin PBXResourcesBuildPhase section */
		268CE59C275A68B400DFCFF8 /* Resources */ = {
			isa = PBXResourcesBuildPhase;
			buildActionMask = 2147483647;
			files = (
				268CE5B6275A68F300DFCFF8 /* app in Resources */,
				268CE5AE275A68B700DFCFF8 /* LaunchScreen.storyboard in Resources */,
				268CE5AB275A68B700DFCFF8 /* Assets.xcassets in Resources */,
				268CE5A9275A68B400DFCFF8 /* Main.storyboard in Resources */,
				2646A9372C3D297B0014E1AC /* InfoPlist.strings in Resources */,
			);
			runOnlyForDeploymentPostprocessing = 0;
		};
/* End PBXResourcesBuildPhase section */

/* Begin PBXSourcesBuildPhase section */
		268CE59A275A68B400DFCFF8 /* Sources */ = {
			isa = PBXSourcesBuildPhase;
			buildActionMask = 2147483647;
			files = (
				268CE5A6275A68B400DFCFF8 /* ViewController.swift in Sources */,
				268CE5A2275A68B400DFCFF8 /* AppDelegate.swift in Sources */,
				268CE5A4275A68B400DFCFF8 /* SceneDelegate.swift in Sources */,
			);
			runOnlyForDeploymentPostprocessing = 0;
		};
/* End PBXSourcesBuildPhase section */

/* Begin PBXVariantGroup section */
		2646A9352C3D297B0014E1AC /* InfoPlist.strings */ = {
			isa = PBXVariantGroup;
			children = (
				2646A9362C3D297B0014E1AC /* en */,
				2646A93A2C3D29D00014E1AC /* zh-Hans */,
			);
			name = InfoPlist.strings;
			sourceTree = "<group>";
		};
		268CE5A7275A68B400DFCFF8 /* Main.storyboard */ = {
			isa = PBXVariantGroup;
			children = (
				268CE5A8275A68B400DFCFF8 /* Base */,
				2646A9382C3D29D00014E1AC /* zh-Hans */,
			);
			name = Main.storyboard;
			sourceTree = "<group>";
		};
		268CE5AC275A68B700DFCFF8 /* LaunchScreen.storyboard */ = {
			isa = PBXVariantGroup;
			children = (
				268CE5AD275A68B700DFCFF8 /* Base */,
				2646A9392C3D29D00014E1AC /* zh-Hans */,
			);
			name = LaunchScreen.storyboard;
			sourceTree = "<group>";
		};
/* End PBXVariantGroup section */

/* Begin XCBuildConfiguration section */
		268CE5B0275A68B700DFCFF8 /* Debug */ = {
			isa = XCBuildConfiguration;
			buildSettings = {
				ALWAYS_SEARCH_USER_PATHS = NO;
				CLANG_ANALYZER_LOCALIZABILITY_NONLOCALIZED = YES;
				CLANG_ANALYZER_NONNULL = YES;
				CLANG_ANALYZER_NUMBER_OBJECT_CONVERSION = YES_AGGRESSIVE;
				CLANG_CXX_LANGUAGE_STANDARD = "gnu++17";
				CLANG_CXX_LIBRARY = "libc++";
				CLANG_ENABLE_MODULES = YES;
				CLANG_ENABLE_OBJC_ARC = YES;
				CLANG_ENABLE_OBJC_WEAK = YES;
				CLANG_WARN_BLOCK_CAPTURE_AUTORELEASING = YES;
				CLANG_WARN_BOOL_CONVERSION = YES;
				CLANG_WARN_COMMA = YES;
				CLANG_WARN_CONSTANT_CONVERSION = YES;
				CLANG_WARN_DEPRECATED_OBJC_IMPLEMENTATIONS = YES;
				CLANG_WARN_DIRECT_OBJC_ISA_USAGE = YES_ERROR;
				CLANG_WARN_DOCUMENTATION_COMMENTS = YES;
				CLANG_WARN_EMPTY_BODY = YES;
				CLANG_WARN_ENUM_CONVERSION = YES;
				CLANG_WARN_INFINITE_RECURSION = YES;
				CLANG_WARN_INT_CONVERSION = YES;
				CLANG_WARN_NON_LITERAL_NULL_CONVERSION = YES;
				CLANG_WARN_OBJC_IMPLICIT_RETAIN_SELF = YES;
				CLANG_WARN_OBJC_LITERAL_CONVERSION = YES;
				CLANG_WARN_OBJC_ROOT_CLASS = YES_ERROR;
				CLANG_WARN_QUOTED_INCLUDE_IN_FRAMEWORK_HEADER = YES;
				CLANG_WARN_RANGE_LOOP_ANALYSIS = YES;
				CLANG_WARN_STRICT_PROTOTYPES = YES;
				CLANG_WARN_SUSPICIOUS_MOVE = YES;
				CLANG_WARN_UNGUARDED_AVAILABILITY = YES_AGGRESSIVE;
				CLANG_WARN_UNREACHABLE_CODE = YES;
				CLANG_WARN__DUPLICATE_METHOD_MATCH = YES;
				COPY_PHASE_STRIP = NO;
				DEBUG_INFORMATION_FORMAT = dwarf;
				ENABLE_STRICT_OBJC_MSGSEND = YES;
				ENABLE_TESTABILITY = YES;
				ENABLE_USER_SCRIPT_SANDBOXING = YES;
				GCC_C_LANGUAGE_STANDARD = gnu11;
				GCC_DYNAMIC_NO_PIC = NO;
				GCC_NO_COMMON_BLOCKS = YES;
				GCC_OPTIMIZATION_LEVEL = 0;
				GCC_PREPROCESSOR_DEFINITIONS = (
					"DEBUG=1",
					"$(inherited)",
				);
				GCC_WARN_64_TO_32_BIT_CONVERSION = YES;
				GCC_WARN_ABOUT_RETURN_TYPE = YES_ERROR;
				GCC_WARN_UNDECLARED_SELECTOR = YES;
				GCC_WARN_UNINITIALIZED_AUTOS = YES_AGGRESSIVE;
				GCC_WARN_UNUSED_FUNCTION = YES;
				GCC_WARN_UNUSED_VARIABLE = YES;
				IPHONEOS_DEPLOYMENT_TARGET = 14.5;
				MTL_ENABLE_DEBUG_INFO = INCLUDE_SOURCE;
				MTL_FAST_MATH = YES;
				ONLY_ACTIVE_ARCH = YES;
				SDKROOT = iphoneos;
				SWIFT_ACTIVE_COMPILATION_CONDITIONS = DEBUG;
				SWIFT_OPTIMIZATION_LEVEL = "-Onone";
			};
			name = Debug;
		};
		268CE5B1275A68B700DFCFF8 /* Release */ = {
			isa = XCBuildConfiguration;
			buildSettings = {
				ALWAYS_SEARCH_USER_PATHS = NO;
				CLANG_ANALYZER_LOCALIZABILITY_NONLOCALIZED = YES;
				CLANG_ANALYZER_NONNULL = YES;
				CLANG_ANALYZER_NUMBER_OBJECT_CONVERSION = YES_AGGRESSIVE;
				CLANG_CXX_LANGUAGE_STANDARD = "gnu++17";
				CLANG_CXX_LIBRARY = "libc++";
				CLANG_ENABLE_MODULES = YES;
				CLANG_ENABLE_OBJC_ARC = YES;
				CLANG_ENABLE_OBJC_WEAK = YES;
				CLANG_WARN_BLOCK_CAPTURE_AUTORELEASING = YES;
				CLANG_WARN_BOOL_CONVERSION = YES;
				CLANG_WARN_COMMA = YES;
				CLANG_WARN_CONSTANT_CONVERSION = YES;
				CLANG_WARN_DEPRECATED_OBJC_IMPLEMENTATIONS = YES;
				CLANG_WARN_DIRECT_OBJC_ISA_USAGE = YES_ERROR;
				CLANG_WARN_DOCUMENTATION_COMMENTS = YES;
				CLANG_WARN_EMPTY_BODY = YES;
				CLANG_WARN_ENUM_CONVERSION = YES;
				CLANG_WARN_INFINITE_RECURSION = YES;
				CLANG_WARN_INT_CONVERSION = YES;
				CLANG_WARN_NON_LITERAL_NULL_CONVERSION = YES;
				CLANG_WARN_OBJC_IMPLICIT_RETAIN_SELF = YES;
				CLANG_WARN_OBJC_LITERAL_CONVERSION = YES;
				CLANG_WARN_OBJC_ROOT_CLASS = YES_ERROR;
				CLANG_WARN_QUOTED_INCLUDE_IN_FRAMEWORK_HEADER = YES;
				CLANG_WARN_RANGE_LOOP_ANALYSIS = YES;
				CLANG_WARN_STRICT_PROTOTYPES = YES;
				CLANG_WARN_SUSPICIOUS_MOVE = YES;
				CLANG_WARN_UNGUARDED_AVAILABILITY = YES_AGGRESSIVE;
				CLANG_WARN_UNREACHABLE_CODE = YES;
				CLANG_WARN__DUPLICATE_METHOD_MATCH = YES;
				COPY_PHASE_STRIP = NO;
				DEBUG_INFORMATION_FORMAT = "dwarf-with-dsym";
				ENABLE_NS_ASSERTIONS = NO;
				ENABLE_STRICT_OBJC_MSGSEND = YES;
				ENABLE_USER_SCRIPT_SANDBOXING = YES;
				GCC_C_LANGUAGE_STANDARD = gnu11;
				GCC_NO_COMMON_BLOCKS = YES;
				GCC_WARN_64_TO_32_BIT_CONVERSION = YES;
				GCC_WARN_ABOUT_RETURN_TYPE = YES_ERROR;
				GCC_WARN_UNDECLARED_SELECTOR = YES;
				GCC_WARN_UNINITIALIZED_AUTOS = YES_AGGRESSIVE;
				GCC_WARN_UNUSED_FUNCTION = YES;
				GCC_WARN_UNUSED_VARIABLE = YES;
				IPHONEOS_DEPLOYMENT_TARGET = 14.5;
				MTL_ENABLE_DEBUG_INFO = NO;
				MTL_FAST_MATH = YES;
				SDKROOT = iphoneos;
				SWIFT_COMPILATION_MODE = wholemodule;
				SWIFT_OPTIMIZATION_LEVEL = "-O";
				VALIDATE_PRODUCT = YES;
			};
			name = Release;
		};
		268CE5B3275A68B700DFCFF8 /* Debug */ = {
			isa = XCBuildConfiguration;
			buildSettings = {
				ASSETCATALOG_COMPILER_APPICON_NAME = AppIcon;
				ASSETCATALOG_COMPILER_GLOBAL_ACCENT_COLOR_NAME = AccentColor;
				CODE_SIGN_IDENTITY = "Apple Development";
				CODE_SIGN_STYLE = Automatic;
				CURRENT_PROJECT_VERSION = 2;
				DEVELOPMENT_ASSET_PATHS = "";
				DEVELOPMENT_TEAM = FJT3K7XAD8;
				GENERATE_INFOPLIST_FILE = YES;
				INFOPLIST_FILE = "siyuan-ios/Info.plist";
				INFOPLIST_KEY_CFBundleDisplayName = SiYuan;
				INFOPLIST_KEY_NSCameraUsageDescription = "将图片插入笔记中 Insert pictures into notes";
				INFOPLIST_KEY_NSMicrophoneUsageDescription = "将录音插入笔记中 Insert a recording into a note";
				INFOPLIST_KEY_NSPhotoLibraryAddUsageDescription = "保存图片到手机 Save picture to phone";
				INFOPLIST_KEY_UIApplicationSupportsIndirectInputEvents = YES;
				INFOPLIST_KEY_UILaunchStoryboardName = LaunchScreen;
				INFOPLIST_KEY_UIMainStoryboardFile = Main;
				INFOPLIST_KEY_UIRequiredDeviceCapabilities = armv7;
				INFOPLIST_KEY_UIRequiresFullScreen = NO;
				INFOPLIST_KEY_UIStatusBarHidden = NO;
				INFOPLIST_KEY_UISupportedInterfaceOrientations = "UIInterfaceOrientationLandscapeLeft UIInterfaceOrientationLandscapeRight UIInterfaceOrientationPortrait";
				INFOPLIST_KEY_UISupportedInterfaceOrientations_iPad = "UIInterfaceOrientationLandscapeLeft UIInterfaceOrientationLandscapeRight UIInterfaceOrientationPortrait UIInterfaceOrientationPortraitUpsideDown";
				IPHONEOS_DEPLOYMENT_TARGET = 14.0;
				LD_RUNPATH_SEARCH_PATHS = (
					"$(inherited)",
					"@executable_path/Frameworks",
				);
				MARKETING_VERSION = 3.1.0;
				PRODUCT_BUNDLE_IDENTIFIER = com.ld246.siyuan;
				PRODUCT_NAME = "$(TARGET_NAME)";
				PROVISIONING_PROFILE_SPECIFIER = "";
				SWIFT_EMIT_LOC_STRINGS = YES;
				SWIFT_VERSION = 5.0;
				TARGETED_DEVICE_FAMILY = "1,2";
			};
			name = Debug;
		};
		268CE5B4275A68B700DFCFF8 /* Release */ = {
			isa = XCBuildConfiguration;
			buildSettings = {
				ASSETCATALOG_COMPILER_APPICON_NAME = AppIcon;
				ASSETCATALOG_COMPILER_GLOBAL_ACCENT_COLOR_NAME = AccentColor;
				CODE_SIGN_IDENTITY = "Apple Development";
				CODE_SIGN_STYLE = Automatic;
				CURRENT_PROJECT_VERSION = 2;
				DEVELOPMENT_ASSET_PATHS = "";
				DEVELOPMENT_TEAM = FJT3K7XAD8;
				GENERATE_INFOPLIST_FILE = YES;
				INFOPLIST_FILE = "siyuan-ios/Info.plist";
				INFOPLIST_KEY_CFBundleDisplayName = SiYuan;
				INFOPLIST_KEY_NSCameraUsageDescription = "将图片插入笔记中 Insert pictures into notes";
				INFOPLIST_KEY_NSMicrophoneUsageDescription = "将录音插入笔记中 Insert a recording into a note";
				INFOPLIST_KEY_NSPhotoLibraryAddUsageDescription = "保存图片到手机 Save picture to phone";
				INFOPLIST_KEY_UIApplicationSupportsIndirectInputEvents = YES;
				INFOPLIST_KEY_UILaunchStoryboardName = LaunchScreen;
				INFOPLIST_KEY_UIMainStoryboardFile = Main;
				INFOPLIST_KEY_UIRequiredDeviceCapabilities = armv7;
				INFOPLIST_KEY_UIRequiresFullScreen = NO;
				INFOPLIST_KEY_UIStatusBarHidden = NO;
				INFOPLIST_KEY_UISupportedInterfaceOrientations = "UIInterfaceOrientationLandscapeLeft UIInterfaceOrientationLandscapeRight UIInterfaceOrientationPortrait";
				INFOPLIST_KEY_UISupportedInterfaceOrientations_iPad = "UIInterfaceOrientationLandscapeLeft UIInterfaceOrientationLandscapeRight UIInterfaceOrientationPortrait UIInterfaceOrientationPortraitUpsideDown";
				IPHONEOS_DEPLOYMENT_TARGET = 14.0;
				LD_RUNPATH_SEARCH_PATHS = (
					"$(inherited)",
					"@executable_path/Frameworks",
				);
				MARKETING_VERSION = 3.1.0;
				PRODUCT_BUNDLE_IDENTIFIER = com.ld246.siyuan;
				PRODUCT_NAME = "$(TARGET_NAME)";
				PROVISIONING_PROFILE_SPECIFIER = "";
				SWIFT_EMIT_LOC_STRINGS = YES;
				SWIFT_VERSION = 5.0;
				TARGETED_DEVICE_FAMILY = "1,2";
			};
			name = Release;
		};
/* End XCBuildConfiguration section */

/* Begin XCConfigurationList section */
		268CE599275A68B400DFCFF8 /* Build configuration list for PBXProject "siyuan-ios" */ = {
			isa = XCConfigurationList;
			buildConfigurations = (
				268CE5B0275A68B700DFCFF8 /* Debug */,
				268CE5B1275A68B700DFCFF8 /* Release */,
			);
			defaultConfigurationIsVisible = 0;
			defaultConfigurationName = Release;
		};
		268CE5B2275A68B700DFCFF8 /* Build configuration list for PBXNativeTarget "siyuan-ios" */ = {
			isa = XCConfigurationList;
			buildConfigurations = (
				268CE5B3275A68B700DFCFF8 /* Debug */,
				268CE5B4275A68B700DFCFF8 /* Release */,
			);
			defaultConfigurationIsVisible = 0;
			defaultConfigurationName = Release;
		};
/* End XCConfigurationList section */
	};
	rootObject = 268CE596275A68B400DFCFF8 /* Project object */;
}
